
Microsoft Visual Studio Solution File, Format Version 12.00
# Visual Studio Version 17
VisualStudioVersion = 17.0.32014.148
MinimumVisualStudioVersion = 10.0.40219.1
Project("{9A19103F-16F7-4668-BE54-9A1E7A4F7556}") = "RRJConverter", "RRJConverter\RRJConverter.csproj", "{AA7CA984-E1E8-4470-8300-D1EAC80DB275}"
EndProject
Project("{FAE04EC0-301F-11D3-BF4B-00C04F79EFBC}") = "UnitTests.Tests", "UnitTests.Tests\UnitTests.Tests.csproj", "{7B2635D3-6E0D-4914-9423-423EED04159D}"
EndProject
Global
	GlobalSection(SolutionConfigurationPlatforms) = preSolution
		Debug|Any CPU = Debug|Any CPU
		Release|Any CPU = Release|Any CPU
	EndGlobalSection
	GlobalSection(ProjectConfigurationPlatforms) = postSolution
		{AA7CA984-E1E8-4470-8300-D1EAC80DB275}.Debug|Any CPU.ActiveCfg = Debug|Any CPU
		{AA7CA984-E1E8-4470-8300-D1EAC80DB275}.Debug|Any CPU.Build.0 = Debug|Any CPU
		{AA7CA984-E1E8-4470-8300-D1EAC80DB275}.Release|Any CPU.ActiveCfg = Release|Any CPU
		{AA7CA984-E1E8-4470-8300-D1EAC80DB275}.Release|Any CPU.Build.0 = Release|Any CPU
		{7B2635D3-6E0D-4914-9423-423EED04159D}.Debug|Any CPU.ActiveCfg = Debug|Any CPU
		{7B2635D3-6E0D-4914-9423-423EED04159D}.Debug|Any CPU.Build.0 = Debug|Any CPU
		{7B2635D3-6E0D-4914-9423-423EED04159D}.Release|Any CPU.ActiveCfg = Release|Any CPU
		{7B2635D3-6E0D-4914-9423-423EED04159D}.Release|Any CPU.Build.0 = Release|Any CPU
	EndGlobalSection
	GlobalSection(SolutionProperties) = preSolution
		HideSolutionNode = FALSE
	EndGlobalSection
	GlobalSection(ExtensibilityGlobals) = postSolution
		SolutionGuid = {287D0A96-3ABA-4FBD-B91D-4EC5C6E86CB9}
	EndGlobalSection
EndGlobal
